
Microsoft Visual Studio Solution File, Format Version 12.00
# Visual Studio 2012
Project("{FAE04EC0-301F-11D3-BF4B-00C04F79EFBC}") = "1. Nested Loops Simulation", "1. Nested Loops Simulation\1. Nested Loops Simulation.csproj", "{026F32A7-6511-4C31-8CFC-39E1D98596C7}"
EndProject
Project("{FAE04EC0-301F-11D3-BF4B-00C04F79EFBC}") = "2. All combinations with duplicates", "2. All combinations with duplicates\2. All combinations with duplicates.csproj", "{3728D1E4-DCA5-4FF3-8E2C-4CFFCBF4F116}"
EndProject
Project("{FAE04EC0-301F-11D3-BF4B-00C04F79EFBC}") = "3. All combinations without duplicates", "3. All combinations without duplicates\3. All combinations without duplicates.csproj", "{39F7A3E8-FF0B-443D-A732-1273E9701C4F}"
EndProject
Project("{FAE04EC0-301F-11D3-BF4B-00C04F79EFBC}") = "4. Permutations", "4. Permutations\4. Permutations.csproj", "{053D41EE-3BD7-4AFE-B572-57FCCF384185}"
EndProject
Project("{FAE04EC0-301F-11D3-BF4B-00C04F79EFBC}") = "5. Ordered subsets of element set", "5. Ordered subsets of element set\5. Ordered subsets of element set.csproj", "{DB43E72C-690E-4CE2-8A25-0BBD84702763}"
EndProject
Project("{FAE04EC0-301F-11D3-BF4B-00C04F79EFBC}") = "_6. All subsets of strings", "6. All subsets of strings\_6. All subsets of strings.csproj", "{03AD62AF-4705-487A-8390-F6CFF7E2FF6B}"
EndProject
Global
	GlobalSection(SolutionConfigurationPlatforms) = preSolution
		Debug|Any CPU = Debug|Any CPU
		Release|Any CPU = Release|Any CPU
	EndGlobalSection
	GlobalSection(ProjectConfigurationPlatforms) = postSolution
		{026F32A7-6511-4C31-8CFC-39E1D98596C7}.Debug|Any CPU.ActiveCfg = Debug|Any CPU
		{026F32A7-6511-4C31-8CFC-39E1D98596C7}.Debug|Any CPU.Build.0 = Debug|Any CPU
		{026F32A7-6511-4C31-8CFC-39E1D98596C7}.Release|Any CPU.ActiveCfg = Release|Any CPU
		{026F32A7-6511-4C31-8CFC-39E1D98596C7}.Release|Any CPU.Build.0 = Release|Any CPU
		{3728D1E4-DCA5-4FF3-8E2C-4CFFCBF4F116}.Debug|Any CPU.ActiveCfg = Debug|Any CPU
		{3728D1E4-DCA5-4FF3-8E2C-4CFFCBF4F116}.Debug|Any CPU.Build.0 = Debug|Any CPU
		{3728D1E4-DCA5-4FF3-8E2C-4CFFCBF4F116}.Release|Any CPU.ActiveCfg = Release|Any CPU
		{3728D1E4-DCA5-4FF3-8E2C-4CFFCBF4F116}.Release|Any CPU.Build.0 = Release|Any CPU
		{39F7A3E8-FF0B-443D-A732-1273E9701C4F}.Debug|Any CPU.ActiveCfg = Debug|Any CPU
		{39F7A3E8-FF0B-443D-A732-1273E9701C4F}.Debug|Any CPU.Build.0 = Debug|Any CPU
		{39F7A3E8-FF0B-443D-A732-1273E9701C4F}.Release|Any CPU.ActiveCfg = Release|Any CPU
		{39F7A3E8-FF0B-443D-A732-1273E9701C4F}.Release|Any CPU.Build.0 = Release|Any CPU
		{053D41EE-3BD7-4AFE-B572-57FCCF384185}.Debug|Any CPU.ActiveCfg = Debug|Any CPU
		{053D41EE-3BD7-4AFE-B572-57FCCF384185}.Debug|Any CPU.Build.0 = Debug|Any CPU
		{053D41EE-3BD7-4AFE-B572-57FCCF384185}.Release|Any CPU.ActiveCfg = Release|Any CPU
		{053D41EE-3BD7-4AFE-B572-57FCCF384185}.Release|Any CPU.Build.0 = Release|Any CPU
		{DB43E72C-690E-4CE2-8A25-0BBD84702763}.Debug|Any CPU.ActiveCfg = Debug|Any CPU
		{DB43E72C-690E-4CE2-8A25-0BBD84702763}.Debug|Any CPU.Build.0 = Debug|Any CPU
		{DB43E72C-690E-4CE2-8A25-0BBD84702763}.Release|Any CPU.ActiveCfg = Release|Any CPU
		{DB43E72C-690E-4CE2-8A25-0BBD84702763}.Release|Any CPU.Build.0 = Release|Any CPU
		{03AD62AF-4705-487A-8390-F6CFF7E2FF6B}.Debug|Any CPU.ActiveCfg = Debug|Any CPU
		{03AD62AF-4705-487A-8390-F6CFF7E2FF6B}.Debug|Any CPU.Build.0 = Debug|Any CPU
		{03AD62AF-4705-487A-8390-F6CFF7E2FF6B}.Release|Any CPU.ActiveCfg = Release|Any CPU
		{03AD62AF-4705-487A-8390-F6CFF7E2FF6B}.Release|Any CPU.Build.0 = Release|Any CPU
	EndGlobalSection
	GlobalSection(SolutionProperties) = preSolution
		HideSolutionNode = FALSE
	EndGlobalSection
EndGlobal
