
Microsoft Visual Studio Solution File, Format Version 12.00
# Visual Studio 2012
Project("{FAE04EC0-301F-11D3-BF4B-00C04F79EFBC}") = "1 TwentyIntegersMultBy5", "Arrays\1 TwentyIntegersMultBy5.csproj", "{DE7A2CB5-A928-4216-8166-BF339536195A}"
EndProject
Project("{FAE04EC0-301F-11D3-BF4B-00C04F79EFBC}") = "2 ReadAndCompareTwoArrays", "ReadAndCompareTwoArrays\2 ReadAndCompareTwoArrays.csproj", "{2544CA9B-ABF1-4728-83F0-BFF23B49224D}"
EndProject
Project("{FAE04EC0-301F-11D3-BF4B-00C04F79EFBC}") = "4 MaximumSequenceOfEqualElements", "4 MaximumSequenceOfEqualElements\4 MaximumSequenceOfEqualElements.csproj", "{5CFB9E9A-9B8C-4F8A-9D02-93A1818F0536}"
EndProject
Project("{FAE04EC0-301F-11D3-BF4B-00C04F79EFBC}") = "5 MaximumSequenceOfIncreasingElements", "5 MaximumSequenceOfIncreasingElements\5 MaximumSequenceOfIncreasingElements.csproj", "{DD4A46F7-ECA6-491A-82F1-F5539436DBEF}"
EndProject
Project("{FAE04EC0-301F-11D3-BF4B-00C04F79EFBC}") = "6 MaximumSumOfFixedSeqElements", "6 MaximumSumOfSeqElements\6 MaximumSumOfFixedSeqElements.csproj", "{DF051FF8-1CF7-4D39-84D1-0280774E195C}"
EndProject
Project("{FAE04EC0-301F-11D3-BF4B-00C04F79EFBC}") = "7 Selection Sort", "7 Selection Sort\7 Selection Sort.csproj", "{E8C2BB7F-8901-4D51-BEA5-506B15174BB1}"
EndProject
Project("{FAE04EC0-301F-11D3-BF4B-00C04F79EFBC}") = "9 MostFrequentNumberInArray", "9 MostFrequentNumberInArray\9 MostFrequentNumberInArray.csproj", "{CCD728BA-9504-4705-8E76-44B646D418F4}"
EndProject
Project("{FAE04EC0-301F-11D3-BF4B-00C04F79EFBC}") = "3 CompareLexicographically", "3 CompareLexicographically\3 CompareLexicographically.csproj", "{21D477AF-5370-4041-8D45-E21EC84E71D8}"
EndProject
Project("{FAE04EC0-301F-11D3-BF4B-00C04F79EFBC}") = "10 SequenceOfGivenSum", "10 SequenceOfGivenSum\10 SequenceOfGivenSum.csproj", "{FD45F1CE-9C85-4089-AA91-67DC962B7C93}"
EndProject
Project("{FAE04EC0-301F-11D3-BF4B-00C04F79EFBC}") = "11 BinarySearch", "11 BinarySearch\11 BinarySearch.csproj", "{5406A4DC-C908-47A5-98B4-77C595CCE24D}"
EndProject
Project("{FAE04EC0-301F-11D3-BF4B-00C04F79EFBC}") = "12 CharacterPositionsInAWord", "12 CharacterPositionsInAWord\12 CharacterPositionsInAWord.csproj", "{3A7BC2E4-270B-44EE-AED6-74066C44C872}"
EndProject
Project("{FAE04EC0-301F-11D3-BF4B-00C04F79EFBC}") = "8 MaximumSumInArray", "8 MaximumSumInArray\8 MaximumSumInArray.csproj", "{B2D687A5-F329-4062-925B-2603F9E0416F}"
EndProject
Project("{FAE04EC0-301F-11D3-BF4B-00C04F79EFBC}") = "13 MergeSort", "13 MergeSort\13 MergeSort.csproj", "{642DADA2-F150-4C07-92B9-A4C2D522622C}"
EndProject
Project("{FAE04EC0-301F-11D3-BF4B-00C04F79EFBC}") = "14 QuickSort", "14 QuickSort\14 QuickSort.csproj", "{F5FE7BD0-4C0A-4473-848C-81BA07391ECC}"
EndProject
Project("{FAE04EC0-301F-11D3-BF4B-00C04F79EFBC}") = "15 PrimeNumbersSieveOfEratosthenes", "15 PrimeNumbersSieveOfEratosthenes\15 PrimeNumbersSieveOfEratosthenes.csproj", "{181CC64E-4115-41EF-B399-E66EADD43772}"
EndProject
Project("{FAE04EC0-301F-11D3-BF4B-00C04F79EFBC}") = "16 SubsetSumInFixedArray", "16 SubsetSumInFixedArray\16 SubsetSumInFixedArray.csproj", "{3A9117A1-AC5C-4F6D-92E6-A4BB1DF9E947}"
EndProject
Project("{FAE04EC0-301F-11D3-BF4B-00C04F79EFBC}") = "17 SubsetSumOfEnteredElements", "17 SubsetSumOfEnteredElements\17 SubsetSumOfEnteredElements.csproj", "{EE3DBDF6-6B71-4CE3-A3B3-2E72D16F5620}"
EndProject
Project("{FAE04EC0-301F-11D3-BF4B-00C04F79EFBC}") = "18 MinimumRemovedToSortArray", "18 MinimumRemovedToSortArray\18 MinimumRemovedToSortArray.csproj", "{5F760AF2-5E13-4233-928B-6B4CCBD5DE4B}"
EndProject
Project("{FAE04EC0-301F-11D3-BF4B-00C04F79EFBC}") = "19 Permutations", "19 Permutations\19 Permutations.csproj", "{3FC38678-0214-4D0C-820A-E50FCDC8A62F}"
EndProject
Project("{FAE04EC0-301F-11D3-BF4B-00C04F79EFBC}") = "20 Variations", "20 Variations\20 Variations.csproj", "{0AC2EF0C-1AE8-447E-AF33-E1F8DFA6D6C8}"
EndProject
Project("{FAE04EC0-301F-11D3-BF4B-00C04F79EFBC}") = "21 AllDistinctCombinations", "21 AllDistinctCombinations\21 AllDistinctCombinations.csproj", "{91AB499D-0AAE-4BFE-B73F-82C4F1FDF89B}"
EndProject
Global
	GlobalSection(SolutionConfigurationPlatforms) = preSolution
		Debug|Any CPU = Debug|Any CPU
		Release|Any CPU = Release|Any CPU
	EndGlobalSection
	GlobalSection(ProjectConfigurationPlatforms) = postSolution
		{DE7A2CB5-A928-4216-8166-BF339536195A}.Debug|Any CPU.ActiveCfg = Debug|Any CPU
		{DE7A2CB5-A928-4216-8166-BF339536195A}.Debug|Any CPU.Build.0 = Debug|Any CPU
		{DE7A2CB5-A928-4216-8166-BF339536195A}.Release|Any CPU.ActiveCfg = Release|Any CPU
		{DE7A2CB5-A928-4216-8166-BF339536195A}.Release|Any CPU.Build.0 = Release|Any CPU
		{2544CA9B-ABF1-4728-83F0-BFF23B49224D}.Debug|Any CPU.ActiveCfg = Debug|Any CPU
		{2544CA9B-ABF1-4728-83F0-BFF23B49224D}.Debug|Any CPU.Build.0 = Debug|Any CPU
		{2544CA9B-ABF1-4728-83F0-BFF23B49224D}.Release|Any CPU.ActiveCfg = Release|Any CPU
		{2544CA9B-ABF1-4728-83F0-BFF23B49224D}.Release|Any CPU.Build.0 = Release|Any CPU
		{5CFB9E9A-9B8C-4F8A-9D02-93A1818F0536}.Debug|Any CPU.ActiveCfg = Debug|Any CPU
		{5CFB9E9A-9B8C-4F8A-9D02-93A1818F0536}.Debug|Any CPU.Build.0 = Debug|Any CPU
		{5CFB9E9A-9B8C-4F8A-9D02-93A1818F0536}.Release|Any CPU.ActiveCfg = Release|Any CPU
		{5CFB9E9A-9B8C-4F8A-9D02-93A1818F0536}.Release|Any CPU.Build.0 = Release|Any CPU
		{DD4A46F7-ECA6-491A-82F1-F5539436DBEF}.Debug|Any CPU.ActiveCfg = Debug|Any CPU
		{DD4A46F7-ECA6-491A-82F1-F5539436DBEF}.Debug|Any CPU.Build.0 = Debug|Any CPU
		{DD4A46F7-ECA6-491A-82F1-F5539436DBEF}.Release|Any CPU.ActiveCfg = Release|Any CPU
		{DD4A46F7-ECA6-491A-82F1-F5539436DBEF}.Release|Any CPU.Build.0 = Release|Any CPU
		{DF051FF8-1CF7-4D39-84D1-0280774E195C}.Debug|Any CPU.ActiveCfg = Debug|Any CPU
		{DF051FF8-1CF7-4D39-84D1-0280774E195C}.Debug|Any CPU.Build.0 = Debug|Any CPU
		{DF051FF8-1CF7-4D39-84D1-0280774E195C}.Release|Any CPU.ActiveCfg = Release|Any CPU
		{DF051FF8-1CF7-4D39-84D1-0280774E195C}.Release|Any CPU.Build.0 = Release|Any CPU
		{E8C2BB7F-8901-4D51-BEA5-506B15174BB1}.Debug|Any CPU.ActiveCfg = Debug|Any CPU
		{E8C2BB7F-8901-4D51-BEA5-506B15174BB1}.Debug|Any CPU.Build.0 = Debug|Any CPU
		{E8C2BB7F-8901-4D51-BEA5-506B15174BB1}.Release|Any CPU.ActiveCfg = Release|Any CPU
		{E8C2BB7F-8901-4D51-BEA5-506B15174BB1}.Release|Any CPU.Build.0 = Release|Any CPU
		{CCD728BA-9504-4705-8E76-44B646D418F4}.Debug|Any CPU.ActiveCfg = Debug|Any CPU
		{CCD728BA-9504-4705-8E76-44B646D418F4}.Debug|Any CPU.Build.0 = Debug|Any CPU
		{CCD728BA-9504-4705-8E76-44B646D418F4}.Release|Any CPU.ActiveCfg = Release|Any CPU
		{CCD728BA-9504-4705-8E76-44B646D418F4}.Release|Any CPU.Build.0 = Release|Any CPU
		{21D477AF-5370-4041-8D45-E21EC84E71D8}.Debug|Any CPU.ActiveCfg = Debug|Any CPU
		{21D477AF-5370-4041-8D45-E21EC84E71D8}.Debug|Any CPU.Build.0 = Debug|Any CPU
		{21D477AF-5370-4041-8D45-E21EC84E71D8}.Release|Any CPU.ActiveCfg = Release|Any CPU
		{21D477AF-5370-4041-8D45-E21EC84E71D8}.Release|Any CPU.Build.0 = Release|Any CPU
		{FD45F1CE-9C85-4089-AA91-67DC962B7C93}.Debug|Any CPU.ActiveCfg = Debug|Any CPU
		{FD45F1CE-9C85-4089-AA91-67DC962B7C93}.Debug|Any CPU.Build.0 = Debug|Any CPU
		{FD45F1CE-9C85-4089-AA91-67DC962B7C93}.Release|Any CPU.ActiveCfg = Release|Any CPU
		{FD45F1CE-9C85-4089-AA91-67DC962B7C93}.Release|Any CPU.Build.0 = Release|Any CPU
		{5406A4DC-C908-47A5-98B4-77C595CCE24D}.Debug|Any CPU.ActiveCfg = Debug|Any CPU
		{5406A4DC-C908-47A5-98B4-77C595CCE24D}.Debug|Any CPU.Build.0 = Debug|Any CPU
		{5406A4DC-C908-47A5-98B4-77C595CCE24D}.Release|Any CPU.ActiveCfg = Release|Any CPU
		{5406A4DC-C908-47A5-98B4-77C595CCE24D}.Release|Any CPU.Build.0 = Release|Any CPU
		{3A7BC2E4-270B-44EE-AED6-74066C44C872}.Debug|Any CPU.ActiveCfg = Debug|Any CPU
		{3A7BC2E4-270B-44EE-AED6-74066C44C872}.Debug|Any CPU.Build.0 = Debug|Any CPU
		{3A7BC2E4-270B-44EE-AED6-74066C44C872}.Release|Any CPU.ActiveCfg = Release|Any CPU
		{3A7BC2E4-270B-44EE-AED6-74066C44C872}.Release|Any CPU.Build.0 = Release|Any CPU
		{B2D687A5-F329-4062-925B-2603F9E0416F}.Debug|Any CPU.ActiveCfg = Debug|Any CPU
		{B2D687A5-F329-4062-925B-2603F9E0416F}.Debug|Any CPU.Build.0 = Debug|Any CPU
		{B2D687A5-F329-4062-925B-2603F9E0416F}.Release|Any CPU.ActiveCfg = Release|Any CPU
		{B2D687A5-F329-4062-925B-2603F9E0416F}.Release|Any CPU.Build.0 = Release|Any CPU
		{642DADA2-F150-4C07-92B9-A4C2D522622C}.Debug|Any CPU.ActiveCfg = Debug|Any CPU
		{642DADA2-F150-4C07-92B9-A4C2D522622C}.Debug|Any CPU.Build.0 = Debug|Any CPU
		{642DADA2-F150-4C07-92B9-A4C2D522622C}.Release|Any CPU.ActiveCfg = Release|Any CPU
		{642DADA2-F150-4C07-92B9-A4C2D522622C}.Release|Any CPU.Build.0 = Release|Any CPU
		{F5FE7BD0-4C0A-4473-848C-81BA07391ECC}.Debug|Any CPU.ActiveCfg = Debug|Any CPU
		{F5FE7BD0-4C0A-4473-848C-81BA07391ECC}.Debug|Any CPU.Build.0 = Debug|Any CPU
		{F5FE7BD0-4C0A-4473-848C-81BA07391ECC}.Release|Any CPU.ActiveCfg = Release|Any CPU
		{F5FE7BD0-4C0A-4473-848C-81BA07391ECC}.Release|Any CPU.Build.0 = Release|Any CPU
		{181CC64E-4115-41EF-B399-E66EADD43772}.Debug|Any CPU.ActiveCfg = Debug|Any CPU
		{181CC64E-4115-41EF-B399-E66EADD43772}.Debug|Any CPU.Build.0 = Debug|Any CPU
		{181CC64E-4115-41EF-B399-E66EADD43772}.Release|Any CPU.ActiveCfg = Release|Any CPU
		{181CC64E-4115-41EF-B399-E66EADD43772}.Release|Any CPU.Build.0 = Release|Any CPU
		{3A9117A1-AC5C-4F6D-92E6-A4BB1DF9E947}.Debug|Any CPU.ActiveCfg = Debug|Any CPU
		{3A9117A1-AC5C-4F6D-92E6-A4BB1DF9E947}.Debug|Any CPU.Build.0 = Debug|Any CPU
		{3A9117A1-AC5C-4F6D-92E6-A4BB1DF9E947}.Release|Any CPU.ActiveCfg = Release|Any CPU
		{3A9117A1-AC5C-4F6D-92E6-A4BB1DF9E947}.Release|Any CPU.Build.0 = Release|Any CPU
		{EE3DBDF6-6B71-4CE3-A3B3-2E72D16F5620}.Debug|Any CPU.ActiveCfg = Debug|Any CPU
		{EE3DBDF6-6B71-4CE3-A3B3-2E72D16F5620}.Debug|Any CPU.Build.0 = Debug|Any CPU
		{EE3DBDF6-6B71-4CE3-A3B3-2E72D16F5620}.Release|Any CPU.ActiveCfg = Release|Any CPU
		{EE3DBDF6-6B71-4CE3-A3B3-2E72D16F5620}.Release|Any CPU.Build.0 = Release|Any CPU
		{5F760AF2-5E13-4233-928B-6B4CCBD5DE4B}.Debug|Any CPU.ActiveCfg = Debug|Any CPU
		{5F760AF2-5E13-4233-928B-6B4CCBD5DE4B}.Debug|Any CPU.Build.0 = Debug|Any CPU
		{5F760AF2-5E13-4233-928B-6B4CCBD5DE4B}.Release|Any CPU.ActiveCfg = Release|Any CPU
		{5F760AF2-5E13-4233-928B-6B4CCBD5DE4B}.Release|Any CPU.Build.0 = Release|Any CPU
		{3FC38678-0214-4D0C-820A-E50FCDC8A62F}.Debug|Any CPU.ActiveCfg = Debug|Any CPU
		{3FC38678-0214-4D0C-820A-E50FCDC8A62F}.Debug|Any CPU.Build.0 = Debug|Any CPU
		{3FC38678-0214-4D0C-820A-E50FCDC8A62F}.Release|Any CPU.ActiveCfg = Release|Any CPU
		{3FC38678-0214-4D0C-820A-E50FCDC8A62F}.Release|Any CPU.Build.0 = Release|Any CPU
		{0AC2EF0C-1AE8-447E-AF33-E1F8DFA6D6C8}.Debug|Any CPU.ActiveCfg = Debug|Any CPU
		{0AC2EF0C-1AE8-447E-AF33-E1F8DFA6D6C8}.Debug|Any CPU.Build.0 = Debug|Any CPU
		{0AC2EF0C-1AE8-447E-AF33-E1F8DFA6D6C8}.Release|Any CPU.ActiveCfg = Release|Any CPU
		{0AC2EF0C-1AE8-447E-AF33-E1F8DFA6D6C8}.Release|Any CPU.Build.0 = Release|Any CPU
		{91AB499D-0AAE-4BFE-B73F-82C4F1FDF89B}.Debug|Any CPU.ActiveCfg = Debug|Any CPU
		{91AB499D-0AAE-4BFE-B73F-82C4F1FDF89B}.Debug|Any CPU.Build.0 = Debug|Any CPU
		{91AB499D-0AAE-4BFE-B73F-82C4F1FDF89B}.Release|Any CPU.ActiveCfg = Release|Any CPU
		{91AB499D-0AAE-4BFE-B73F-82C4F1FDF89B}.Release|Any CPU.Build.0 = Release|Any CPU
	EndGlobalSection
	GlobalSection(SolutionProperties) = preSolution
		HideSolutionNode = FALSE
	EndGlobalSection
EndGlobal
