
Microsoft Visual Studio Solution File, Format Version 12.00
# Visual Studio 2012
Project("{FAE04EC0-301F-11D3-BF4B-00C04F79EFBC}") = "1. Carrying", "1. Carrying\1. Carrying.csproj", "{F998F857-7A02-47F4-B9BE-61817234040E}"
EndProject
Global
	GlobalSection(SolutionConfigurationPlatforms) = preSolution
		Debug|Any CPU = Debug|Any CPU
		Release|Any CPU = Release|Any CPU
	EndGlobalSection
	GlobalSection(ProjectConfigurationPlatforms) = postSolution
		{F998F857-7A02-47F4-B9BE-61817234040E}.Debug|Any CPU.ActiveCfg = Debug|Any CPU
		{F998F857-7A02-47F4-B9BE-61817234040E}.Debug|Any CPU.Build.0 = Debug|Any CPU
		{F998F857-7A02-47F4-B9BE-61817234040E}.Release|Any CPU.ActiveCfg = Release|Any CPU
		{F998F857-7A02-47F4-B9BE-61817234040E}.Release|Any CPU.Build.0 = Release|Any CPU
	EndGlobalSection
	GlobalSection(SolutionProperties) = preSolution
		HideSolutionNode = FALSE
	EndGlobalSection
EndGlobal
