
Microsoft Visual Studio Solution File, Format Version 12.00
# Visual Studio 2012
Project("{FAE04EC0-301F-11D3-BF4B-00C04F79EFBC}") = "Space", "Space\Space.csproj", "{F85DFCFF-0167-4E80-A4B0-165A123A541C}"
EndProject
Project("{FAE04EC0-301F-11D3-BF4B-00C04F79EFBC}") = "SpaceTests", "SpaceTests\SpaceTests.csproj", "{1CB4EE89-ACD9-4063-97EB-5E4925D2C11E}"
EndProject
Global
	GlobalSection(SolutionConfigurationPlatforms) = preSolution
		Debug|Any CPU = Debug|Any CPU
		Release|Any CPU = Release|Any CPU
	EndGlobalSection
	GlobalSection(ProjectConfigurationPlatforms) = postSolution
		{F85DFCFF-0167-4E80-A4B0-165A123A541C}.Debug|Any CPU.ActiveCfg = Debug|Any CPU
		{F85DFCFF-0167-4E80-A4B0-165A123A541C}.Debug|Any CPU.Build.0 = Debug|Any CPU
		{F85DFCFF-0167-4E80-A4B0-165A123A541C}.Release|Any CPU.ActiveCfg = Release|Any CPU
		{F85DFCFF-0167-4E80-A4B0-165A123A541C}.Release|Any CPU.Build.0 = Release|Any CPU
		{1CB4EE89-ACD9-4063-97EB-5E4925D2C11E}.Debug|Any CPU.ActiveCfg = Debug|Any CPU
		{1CB4EE89-ACD9-4063-97EB-5E4925D2C11E}.Debug|Any CPU.Build.0 = Debug|Any CPU
		{1CB4EE89-ACD9-4063-97EB-5E4925D2C11E}.Release|Any CPU.ActiveCfg = Release|Any CPU
		{1CB4EE89-ACD9-4063-97EB-5E4925D2C11E}.Release|Any CPU.Build.0 = Release|Any CPU
	EndGlobalSection
	GlobalSection(SolutionProperties) = preSolution
		HideSolutionNode = FALSE
	EndGlobalSection
EndGlobal
