
Microsoft Visual Studio Solution File, Format Version 12.00
# Visual Studio 2013
VisualStudioVersion = 12.0.20617.1 PREVIEW
MinimumVisualStudioVersion = 10.0.40219.1
Project("{FAE04EC0-301F-11D3-BF4B-00C04F79EFBC}") = "1. MongoDb Dictionary", "1. MongoDb Dictionary\1. MongoDb Dictionary.csproj", "{435B9EF3-02FA-451F-B1F4-FF0E9E01F501}"
EndProject
Project("{FAE04EC0-301F-11D3-BF4B-00C04F79EFBC}") = "2. Redis Dictionary", "2. Redis Dictionary\2. Redis Dictionary.csproj", "{C2089299-15CE-44E0-A73A-94F89CCDD243}"
EndProject
Global
	GlobalSection(SolutionConfigurationPlatforms) = preSolution
		Debug|Any CPU = Debug|Any CPU
		Release|Any CPU = Release|Any CPU
	EndGlobalSection
	GlobalSection(ProjectConfigurationPlatforms) = postSolution
		{435B9EF3-02FA-451F-B1F4-FF0E9E01F501}.Debug|Any CPU.ActiveCfg = Debug|Any CPU
		{435B9EF3-02FA-451F-B1F4-FF0E9E01F501}.Debug|Any CPU.Build.0 = Debug|Any CPU
		{435B9EF3-02FA-451F-B1F4-FF0E9E01F501}.Release|Any CPU.ActiveCfg = Release|Any CPU
		{435B9EF3-02FA-451F-B1F4-FF0E9E01F501}.Release|Any CPU.Build.0 = Release|Any CPU
		{C2089299-15CE-44E0-A73A-94F89CCDD243}.Debug|Any CPU.ActiveCfg = Debug|Any CPU
		{C2089299-15CE-44E0-A73A-94F89CCDD243}.Debug|Any CPU.Build.0 = Debug|Any CPU
		{C2089299-15CE-44E0-A73A-94F89CCDD243}.Release|Any CPU.ActiveCfg = Release|Any CPU
		{C2089299-15CE-44E0-A73A-94F89CCDD243}.Release|Any CPU.Build.0 = Release|Any CPU
	EndGlobalSection
	GlobalSection(SolutionProperties) = preSolution
		HideSolutionNode = FALSE
	EndGlobalSection
EndGlobal
