
Microsoft Visual Studio Solution File, Format Version 12.00
# Visual Studio 2013
VisualStudioVersion = 12.0.20617.1 PREVIEW
MinimumVisualStudioVersion = 10.0.40219.1
Project("{FAE04EC0-301F-11D3-BF4B-00C04F79EFBC}") = "Telelinkedin", "Telelinkedin\Telelinkedin.csproj", "{CD6F298D-E4BA-40EF-8F9A-217C1EC8076E}"
EndProject
Project("{FAE04EC0-301F-11D3-BF4B-00C04F79EFBC}") = "Telelinkedin.Tests", "Telelinkedin.Tests\Telelinkedin.Tests.csproj", "{0EDF343A-B9C3-4A00-BD29-AEA506E59E80}"
EndProject
Project("{FAE04EC0-301F-11D3-BF4B-00C04F79EFBC}") = "Telelinkedin.Models", "Telelinkedin.Models\Telelinkedin.Models.csproj", "{9762A62A-0D67-422D-87EA-2437E2A898C5}"
EndProject
Global
	GlobalSection(SolutionConfigurationPlatforms) = preSolution
		Debug|Any CPU = Debug|Any CPU
		Release|Any CPU = Release|Any CPU
	EndGlobalSection
	GlobalSection(ProjectConfigurationPlatforms) = postSolution
		{CD6F298D-E4BA-40EF-8F9A-217C1EC8076E}.Debug|Any CPU.ActiveCfg = Debug|Any CPU
		{CD6F298D-E4BA-40EF-8F9A-217C1EC8076E}.Debug|Any CPU.Build.0 = Debug|Any CPU
		{CD6F298D-E4BA-40EF-8F9A-217C1EC8076E}.Release|Any CPU.ActiveCfg = Release|Any CPU
		{CD6F298D-E4BA-40EF-8F9A-217C1EC8076E}.Release|Any CPU.Build.0 = Release|Any CPU
		{0EDF343A-B9C3-4A00-BD29-AEA506E59E80}.Debug|Any CPU.ActiveCfg = Debug|Any CPU
		{0EDF343A-B9C3-4A00-BD29-AEA506E59E80}.Debug|Any CPU.Build.0 = Debug|Any CPU
		{0EDF343A-B9C3-4A00-BD29-AEA506E59E80}.Release|Any CPU.ActiveCfg = Release|Any CPU
		{0EDF343A-B9C3-4A00-BD29-AEA506E59E80}.Release|Any CPU.Build.0 = Release|Any CPU
		{9762A62A-0D67-422D-87EA-2437E2A898C5}.Debug|Any CPU.ActiveCfg = Debug|Any CPU
		{9762A62A-0D67-422D-87EA-2437E2A898C5}.Debug|Any CPU.Build.0 = Debug|Any CPU
		{9762A62A-0D67-422D-87EA-2437E2A898C5}.Release|Any CPU.ActiveCfg = Release|Any CPU
		{9762A62A-0D67-422D-87EA-2437E2A898C5}.Release|Any CPU.Build.0 = Release|Any CPU
	EndGlobalSection
	GlobalSection(SolutionProperties) = preSolution
		HideSolutionNode = FALSE
	EndGlobalSection
EndGlobal
