
Microsoft Visual Studio Solution File, Format Version 12.00
# Visual Studio 2012
Project("{FAE04EC0-301F-11D3-BF4B-00C04F79EFBC}") = "4. Jedi meditation", "4. Jedi meditation\4. Jedi meditation.csproj", "{06FB9F88-5733-4214-9CBE-DB822307E96B}"
EndProject
Project("{FAE04EC0-301F-11D3-BF4B-00C04F79EFBC}") = "4. Jedi Meditation Tests", "4. Jedi Meditation Tests\4. Jedi Meditation Tests.csproj", "{E465DD44-8D46-4982-A07C-135AD154B3D7}"
EndProject
Project("{FAE04EC0-301F-11D3-BF4B-00C04F79EFBC}") = "1. Sorting", "1. Sorting\1. Sorting.csproj", "{0B56CE19-9DAA-46C3-AA53-E4846237D9BC}"
EndProject
Project("{FAE04EC0-301F-11D3-BF4B-00C04F79EFBC}") = "2. Tasks", "2. Tasks\2. Tasks.csproj", "{7E61D028-09ED-4537-A2A6-C698F04B67A1}"
EndProject
Project("{FAE04EC0-301F-11D3-BF4B-00C04F79EFBC}") = "3. Pipes", "3. Pipes\3. Pipes.csproj", "{161D1650-5AD5-4A67-82E3-299328BD483A}"
EndProject
Project("{FAE04EC0-301F-11D3-BF4B-00C04F79EFBC}") = "6. Words", "6. Words\6. Words.csproj", "{53BB90D2-9DBB-4C4F-932B-E0D273A02149}"
EndProject
Global
	GlobalSection(SolutionConfigurationPlatforms) = preSolution
		Debug|Any CPU = Debug|Any CPU
		Release|Any CPU = Release|Any CPU
	EndGlobalSection
	GlobalSection(ProjectConfigurationPlatforms) = postSolution
		{06FB9F88-5733-4214-9CBE-DB822307E96B}.Debug|Any CPU.ActiveCfg = Debug|Any CPU
		{06FB9F88-5733-4214-9CBE-DB822307E96B}.Debug|Any CPU.Build.0 = Debug|Any CPU
		{06FB9F88-5733-4214-9CBE-DB822307E96B}.Release|Any CPU.ActiveCfg = Release|Any CPU
		{06FB9F88-5733-4214-9CBE-DB822307E96B}.Release|Any CPU.Build.0 = Release|Any CPU
		{E465DD44-8D46-4982-A07C-135AD154B3D7}.Debug|Any CPU.ActiveCfg = Debug|Any CPU
		{E465DD44-8D46-4982-A07C-135AD154B3D7}.Debug|Any CPU.Build.0 = Debug|Any CPU
		{E465DD44-8D46-4982-A07C-135AD154B3D7}.Release|Any CPU.ActiveCfg = Release|Any CPU
		{E465DD44-8D46-4982-A07C-135AD154B3D7}.Release|Any CPU.Build.0 = Release|Any CPU
		{0B56CE19-9DAA-46C3-AA53-E4846237D9BC}.Debug|Any CPU.ActiveCfg = Debug|Any CPU
		{0B56CE19-9DAA-46C3-AA53-E4846237D9BC}.Debug|Any CPU.Build.0 = Debug|Any CPU
		{0B56CE19-9DAA-46C3-AA53-E4846237D9BC}.Release|Any CPU.ActiveCfg = Release|Any CPU
		{0B56CE19-9DAA-46C3-AA53-E4846237D9BC}.Release|Any CPU.Build.0 = Release|Any CPU
		{7E61D028-09ED-4537-A2A6-C698F04B67A1}.Debug|Any CPU.ActiveCfg = Debug|Any CPU
		{7E61D028-09ED-4537-A2A6-C698F04B67A1}.Debug|Any CPU.Build.0 = Debug|Any CPU
		{7E61D028-09ED-4537-A2A6-C698F04B67A1}.Release|Any CPU.ActiveCfg = Release|Any CPU
		{7E61D028-09ED-4537-A2A6-C698F04B67A1}.Release|Any CPU.Build.0 = Release|Any CPU
		{161D1650-5AD5-4A67-82E3-299328BD483A}.Debug|Any CPU.ActiveCfg = Debug|Any CPU
		{161D1650-5AD5-4A67-82E3-299328BD483A}.Debug|Any CPU.Build.0 = Debug|Any CPU
		{161D1650-5AD5-4A67-82E3-299328BD483A}.Release|Any CPU.ActiveCfg = Release|Any CPU
		{161D1650-5AD5-4A67-82E3-299328BD483A}.Release|Any CPU.Build.0 = Release|Any CPU
		{53BB90D2-9DBB-4C4F-932B-E0D273A02149}.Debug|Any CPU.ActiveCfg = Debug|Any CPU
		{53BB90D2-9DBB-4C4F-932B-E0D273A02149}.Debug|Any CPU.Build.0 = Debug|Any CPU
		{53BB90D2-9DBB-4C4F-932B-E0D273A02149}.Release|Any CPU.ActiveCfg = Release|Any CPU
		{53BB90D2-9DBB-4C4F-932B-E0D273A02149}.Release|Any CPU.Build.0 = Release|Any CPU
	EndGlobalSection
	GlobalSection(SolutionProperties) = preSolution
		HideSolutionNode = FALSE
	EndGlobalSection
EndGlobal
