
Microsoft Visual Studio Solution File, Format Version 12.00
# Visual Studio 2012
Project("{FAE04EC0-301F-11D3-BF4B-00C04F79EFBC}") = "Galaxian", "Galaxian.csproj", "{0CE3E599-8F76-40EA-9304-56F789A5E860}"
EndProject
Global
	GlobalSection(TeamFoundationVersionControl) = preSolution
		SccNumberOfProjects = 2
		SccEnterpriseProvider = {4CA58AB2-18FA-4F8D-95D4-32DDF27D184C}
		SccTeamFoundationServer = https://piglet.visualstudio.com/defaultcollection
		SccLocalPath0 = .
		SccProjectUniqueName1 = Galaxian.csproj
		SccLocalPath1 = .
	EndGlobalSection
	GlobalSection(SolutionConfigurationPlatforms) = preSolution
		Debug|Any CPU = Debug|Any CPU
		Release|Any CPU = Release|Any CPU
	EndGlobalSection
	GlobalSection(ProjectConfigurationPlatforms) = postSolution
		{0CE3E599-8F76-40EA-9304-56F789A5E860}.Debug|Any CPU.ActiveCfg = Debug|Any CPU
		{0CE3E599-8F76-40EA-9304-56F789A5E860}.Debug|Any CPU.Build.0 = Debug|Any CPU
		{0CE3E599-8F76-40EA-9304-56F789A5E860}.Release|Any CPU.ActiveCfg = Release|Any CPU
		{0CE3E599-8F76-40EA-9304-56F789A5E860}.Release|Any CPU.Build.0 = Release|Any CPU
	EndGlobalSection
	GlobalSection(SolutionProperties) = preSolution
		HideSolutionNode = FALSE
	EndGlobalSection
EndGlobal
