
Microsoft Visual Studio Solution File, Format Version 12.00
# Visual Studio 2013
VisualStudioVersion = 12.0.20617.1 PREVIEW
MinimumVisualStudioVersion = 10.0.40219.1
Project("{FAE04EC0-301F-11D3-BF4B-00C04F79EFBC}") = "1. Retrieve Categories", "1. Retrieve Categories\1. Retrieve Categories.csproj", "{328FAB70-D34B-45A1-9F33-B4599567F09B}"
EndProject
Project("{FAE04EC0-301F-11D3-BF4B-00C04F79EFBC}") = "2. Get name and description", "2. Get name and description\2. Get name and description.csproj", "{0CF2CF30-9927-48DB-9F49-A06E9AD15F30}"
EndProject
Project("{FAE04EC0-301F-11D3-BF4B-00C04F79EFBC}") = "3. All product categories and products", "3. All product categories and products\3. All product categories and products.csproj", "{C5B5F5A9-94C6-4860-BD5D-1481CE023945}"
EndProject
Project("{FAE04EC0-301F-11D3-BF4B-00C04F79EFBC}") = "4. Add new product", "4. Add new product\4. Add new product.csproj", "{F38967F2-2250-48DE-8CCF-A36718834F56}"
EndProject
Project("{FAE04EC0-301F-11D3-BF4B-00C04F79EFBC}") = "5. Retrieve Images", "5. Retrieve Images\5. Retrieve Images.csproj", "{4333DB6A-A40A-4B1E-82B4-F9D469EFD28C}"
EndProject
Project("{FAE04EC0-301F-11D3-BF4B-00C04F79EFBC}") = "6. Read Excel File", "6. Read Excel File\6. Read Excel File.csproj", "{BD3262C6-1642-4BBF-ABEB-ADDE499460B5}"
EndProject
Project("{FAE04EC0-301F-11D3-BF4B-00C04F79EFBC}") = "7. Add to Excel File", "7. Add to Excel File\7. Add to Excel File.csproj", "{98BE1AC4-4BBB-4F68-A03E-20194D93404A}"
EndProject
Global
	GlobalSection(SolutionConfigurationPlatforms) = preSolution
		Debug|Any CPU = Debug|Any CPU
		Release|Any CPU = Release|Any CPU
	EndGlobalSection
	GlobalSection(ProjectConfigurationPlatforms) = postSolution
		{328FAB70-D34B-45A1-9F33-B4599567F09B}.Debug|Any CPU.ActiveCfg = Debug|Any CPU
		{328FAB70-D34B-45A1-9F33-B4599567F09B}.Debug|Any CPU.Build.0 = Debug|Any CPU
		{328FAB70-D34B-45A1-9F33-B4599567F09B}.Release|Any CPU.ActiveCfg = Release|Any CPU
		{328FAB70-D34B-45A1-9F33-B4599567F09B}.Release|Any CPU.Build.0 = Release|Any CPU
		{0CF2CF30-9927-48DB-9F49-A06E9AD15F30}.Debug|Any CPU.ActiveCfg = Debug|Any CPU
		{0CF2CF30-9927-48DB-9F49-A06E9AD15F30}.Debug|Any CPU.Build.0 = Debug|Any CPU
		{0CF2CF30-9927-48DB-9F49-A06E9AD15F30}.Release|Any CPU.ActiveCfg = Release|Any CPU
		{0CF2CF30-9927-48DB-9F49-A06E9AD15F30}.Release|Any CPU.Build.0 = Release|Any CPU
		{C5B5F5A9-94C6-4860-BD5D-1481CE023945}.Debug|Any CPU.ActiveCfg = Debug|Any CPU
		{C5B5F5A9-94C6-4860-BD5D-1481CE023945}.Debug|Any CPU.Build.0 = Debug|Any CPU
		{C5B5F5A9-94C6-4860-BD5D-1481CE023945}.Release|Any CPU.ActiveCfg = Release|Any CPU
		{C5B5F5A9-94C6-4860-BD5D-1481CE023945}.Release|Any CPU.Build.0 = Release|Any CPU
		{F38967F2-2250-48DE-8CCF-A36718834F56}.Debug|Any CPU.ActiveCfg = Debug|Any CPU
		{F38967F2-2250-48DE-8CCF-A36718834F56}.Debug|Any CPU.Build.0 = Debug|Any CPU
		{F38967F2-2250-48DE-8CCF-A36718834F56}.Release|Any CPU.ActiveCfg = Release|Any CPU
		{F38967F2-2250-48DE-8CCF-A36718834F56}.Release|Any CPU.Build.0 = Release|Any CPU
		{4333DB6A-A40A-4B1E-82B4-F9D469EFD28C}.Debug|Any CPU.ActiveCfg = Debug|Any CPU
		{4333DB6A-A40A-4B1E-82B4-F9D469EFD28C}.Debug|Any CPU.Build.0 = Debug|Any CPU
		{4333DB6A-A40A-4B1E-82B4-F9D469EFD28C}.Release|Any CPU.ActiveCfg = Release|Any CPU
		{4333DB6A-A40A-4B1E-82B4-F9D469EFD28C}.Release|Any CPU.Build.0 = Release|Any CPU
		{BD3262C6-1642-4BBF-ABEB-ADDE499460B5}.Debug|Any CPU.ActiveCfg = Debug|Any CPU
		{BD3262C6-1642-4BBF-ABEB-ADDE499460B5}.Debug|Any CPU.Build.0 = Debug|Any CPU
		{BD3262C6-1642-4BBF-ABEB-ADDE499460B5}.Release|Any CPU.ActiveCfg = Release|Any CPU
		{BD3262C6-1642-4BBF-ABEB-ADDE499460B5}.Release|Any CPU.Build.0 = Release|Any CPU
		{98BE1AC4-4BBB-4F68-A03E-20194D93404A}.Debug|Any CPU.ActiveCfg = Debug|Any CPU
		{98BE1AC4-4BBB-4F68-A03E-20194D93404A}.Debug|Any CPU.Build.0 = Debug|Any CPU
		{98BE1AC4-4BBB-4F68-A03E-20194D93404A}.Release|Any CPU.ActiveCfg = Release|Any CPU
		{98BE1AC4-4BBB-4F68-A03E-20194D93404A}.Release|Any CPU.Build.0 = Release|Any CPU
	EndGlobalSection
	GlobalSection(SolutionProperties) = preSolution
		HideSolutionNode = FALSE
	EndGlobalSection
EndGlobal
