
Microsoft Visual Studio Solution File, Format Version 12.00
# Visual Studio 2012
Project("{FAE04EC0-301F-11D3-BF4B-00C04F79EFBC}") = "Free Content Catalog", "KPK-Practical-Exam\Free Content Catalog.csproj", "{3B9BE953-7049-4872-9556-DA8E6F8B421E}"
EndProject
Project("{FAE04EC0-301F-11D3-BF4B-00C04F79EFBC}") = "Free Content Catalog Tests", "Free Content Catalog Tests\Free Content Catalog Tests.csproj", "{C7908638-8F53-465B-AD97-6EB44979BB3F}"
EndProject
Global
	GlobalSection(SolutionConfigurationPlatforms) = preSolution
		Debug|Any CPU = Debug|Any CPU
		Release|Any CPU = Release|Any CPU
	EndGlobalSection
	GlobalSection(ProjectConfigurationPlatforms) = postSolution
		{3B9BE953-7049-4872-9556-DA8E6F8B421E}.Debug|Any CPU.ActiveCfg = Debug|Any CPU
		{3B9BE953-7049-4872-9556-DA8E6F8B421E}.Debug|Any CPU.Build.0 = Debug|Any CPU
		{3B9BE953-7049-4872-9556-DA8E6F8B421E}.Release|Any CPU.ActiveCfg = Release|Any CPU
		{3B9BE953-7049-4872-9556-DA8E6F8B421E}.Release|Any CPU.Build.0 = Release|Any CPU
		{C7908638-8F53-465B-AD97-6EB44979BB3F}.Debug|Any CPU.ActiveCfg = Debug|Any CPU
		{C7908638-8F53-465B-AD97-6EB44979BB3F}.Debug|Any CPU.Build.0 = Debug|Any CPU
		{C7908638-8F53-465B-AD97-6EB44979BB3F}.Release|Any CPU.ActiveCfg = Release|Any CPU
		{C7908638-8F53-465B-AD97-6EB44979BB3F}.Release|Any CPU.Build.0 = Release|Any CPU
	EndGlobalSection
	GlobalSection(SolutionProperties) = preSolution
		HideSolutionNode = FALSE
	EndGlobalSection
EndGlobal
